{
  "name": "@omarabdullah107/bmi",
  "version": "1.1.0",
  "lockfileVersion": 2,
  "requires": true,
  "packages": {
    "": {
      "name": "@omarabdullah107/bmi",
      "version": "1.1.0",
      "license": "ISC",
      "dependencies": {
        "@omarabdullah107/convert": "^1.1.0"
      }
    },
    "node_modules/@omarabdullah107/convert": {
      "version": "1.1.0",
      "resolved": "https://registry.npmjs.org/@omarabdullah107/convert/-/convert-1.1.0.tgz",
      "integrity": "sha512-dSCaR4IxJXhBR4agCLCDCo5yd/VEag+H2E5PlMIUFYg/HFDHFQSQlcJoQ9EtCUyLckXHKIBso4IIyC5DQOGxWw=="
    }
  },
  "dependencies": {
    "@omarabdullah107/convert": {
      "version": "1.1.0",
      "resolved": "https://registry.npmjs.org/@omarabdullah107/convert/-/convert-1.1.0.tgz",
      "integrity": "sha512-dSCaR4IxJXhBR4agCLCDCo5yd/VEag+H2E5PlMIUFYg/HFDHFQSQlcJoQ9EtCUyLckXHKIBso4IIyC5DQOGxWw=="
    }
  }
}
